version = 1
revision = 3
requires-python = ">=3.13"
resolution-markers = [
    "sys_platform == 'linux'",
    "sys_platform != 'linux'",
]

[[package]]
name = "colorama"
version = "0.4.6"
source = { registry = "https://pypi.org/simple" }
sdist = { url = "https://files.pythonhosted.org/packages/d8/53/6f443c9a4a8358a93a6792e2acffb9d9d5cb0a5cfd8802644b7b1c9a02e4/colorama-0.4.6.tar.gz", hash = "sha256:08695f5cb7ed6e0531a20572697297273c47b8cae5a63ffc6d6ed5c201be6e44", size = 27697, upload-time = "2022-10-25T02:36:22.414Z" }
wheels = [
    { url = "https://files.pythonhosted.org/packages/d1/d6/3965ed04c63042e047cb6a3e6ed1a63a35087b6a609aa3a15ed8ac56c221/colorama-0.4.6-py2.py3-none-any.whl", hash = "sha256:4f1d9991f5acc0ca119f9d443620b77f9d6b33703e51011c16baf57afb285fc6", size = 25335, upload-time = "2022-10-25T02:36:20.889Z" },
]

[[package]]
name = "deepdiff"
version = "8.6.1"
source = { registry = "https://pypi.org/simple" }
dependencies = [
    { name = "orderly-set" },
]
sdist = { url = "https://files.pythonhosted.org/packages/19/76/36c9aab3d5c19a94091f7c6c6e784efca50d87b124bf026c36e94719f33c/deepdiff-8.6.1.tar.gz", hash = "sha256:ec56d7a769ca80891b5200ec7bd41eec300ced91ebcc7797b41eb2b3f3ff643a", size = 634054, upload-time = "2025-09-03T19:40:41.461Z" }
wheels = [
    { url = "https://files.pythonhosted.org/packages/f7/e6/efe534ef0952b531b630780e19cabd416e2032697019d5295defc6ef9bd9/deepdiff-8.6.1-py3-none-any.whl", hash = "sha256:ee8708a7f7d37fb273a541fa24ad010ed484192cd0c4ffc0fa0ed5e2d4b9e78b", size = 91378, upload-time = "2025-09-03T19:40:39.679Z" },
]

[[package]]
name = "dynamixel-sdk"
version = "4.0.3"
source = { registry = "https://pypi.org/simple" }
dependencies = [
    { name = "pyserial" },
]
sdist = { url = "https://files.pythonhosted.org/packages/6b/c4/becbeed6a0bcac38fac7aba162d470a862dda5fb6d9a0d9d4d729c197186/dynamixel_sdk-4.0.3.tar.gz", hash = "sha256:b476350395aff8430709cc48ba9cd0c155d3a0648a0ae635a4e1e7104624a7a7", size = 29693, upload-time = "2025-12-18T05:57:42.029Z" }
wheels = [
    { url = "https://files.pythonhosted.org/packages/18/5b/50e4acc3cfccb4a502b6bc3b82eeb24b271740d97ef6ddb91746acebc095/dynamixel_sdk-4.0.3-py3-none-any.whl", hash = "sha256:fc243f0a72ab6827a09908b93c83d894fab83ab4dd76c6c6a07057c0f9686b5f", size = 103497, upload-time = "2025-12-18T05:57:40.47Z" },
]

[[package]]
name = "hsl-leap"
version = "0.1.0"
source = { editable = "." }
dependencies = [
    { name = "deepdiff" },
    { name = "dynamixel-sdk" },
    { name = "pygame" },
    { name = "pyserial" },
    { name = "tqdm" },
]

[package.metadata]
requires-dist = [
    { name = "deepdiff", specifier = ">=8.6.1" },
    { name = "dynamixel-sdk", specifier = ">=4.0.3" },
    { name = "pygame", specifier = ">=2.6.1" },
    { name = "pyserial", specifier = ">=3.5" },
    { name = "tqdm", specifier = ">=4.67.1" },
]

[[package]]
name = "orderly-set"
version = "5.5.0"
source = { registry = "https://pypi.org/simple" }
sdist = { url = "https://files.pythonhosted.org/packages/4a/88/39c83c35d5e97cc203e9e77a4f93bf87ec89cf6a22ac4818fdcc65d66584/orderly_set-5.5.0.tar.gz", hash = "sha256:e87185c8e4d8afa64e7f8160ee2c542a475b738bc891dc3f58102e654125e6ce", size = 27414, upload-time = "2025-07-10T20:10:55.885Z" }
wheels = [
    { url = "https://files.pythonhosted.org/packages/12/27/fb8d7338b4d551900fa3e580acbe7a0cf655d940e164cb5c00ec31961094/orderly_set-5.5.0-py3-none-any.whl", hash = "sha256:46f0b801948e98f427b412fcabb831677194c05c3b699b80de260374baa0b1e7", size = 13068, upload-time = "2025-07-10T20:10:54.377Z" },
]

[[package]]
name = "pygame"
version = "2.6.1"
source = { registry = "https://pypi.org/simple" }
sdist = { url = "https://files.pythonhosted.org/packages/49/cc/08bba60f00541f62aaa252ce0cfbd60aebd04616c0b9574f755b583e45ae/pygame-2.6.1.tar.gz", hash = "sha256:56fb02ead529cee00d415c3e007f75e0780c655909aaa8e8bf616ee09c9feb1f", size = 14808125, upload-time = "2024-09-29T13:41:34.698Z" }
wheels = [
    { url = "https://files.pythonhosted.org/packages/e1/91/718acf3e2a9d08a6ddcc96bd02a6f63c99ee7ba14afeaff2a51c987df0b9/pygame-2.6.1-cp313-cp313-macosx_10_13_x86_64.whl", hash = "sha256:ae6039f3a55d800db80e8010f387557b528d34d534435e0871326804df2a62f2", size = 13090765, upload-time = "2024-09-29T14:27:02.377Z" },
    { url = "https://files.pythonhosted.org/packages/0e/c6/9cb315de851a7682d9c7568a41ea042ee98d668cb8deadc1dafcab6116f0/pygame-2.6.1-cp313-cp313-macosx_11_0_arm64.whl", hash = "sha256:2a3a1288e2e9b1e5834e425bedd5ba01a3cd4902b5c2bff8ed4a740ccfe98171", size = 12381704, upload-time = "2024-09-29T14:27:10.228Z" },
    { url = "https://files.pythonhosted.org/packages/9f/8f/617a1196e31ae3b46be6949fbaa95b8c93ce15e0544266198c2266cc1b4d/pygame-2.6.1-cp313-cp313-manylinux_2_17_aarch64.manylinux2014_aarch64.whl", hash = "sha256:27eb17e3dc9640e4b4683074f1890e2e879827447770470c2aba9f125f74510b", size = 13581091, upload-time = "2024-09-29T11:30:27.653Z" },
    { url = "https://files.pythonhosted.org/packages/3b/87/2851a564e40a2dad353f1c6e143465d445dab18a95281f9ea458b94f3608/pygame-2.6.1-cp313-cp313-manylinux_2_17_i686.manylinux2014_i686.whl", hash = "sha256:4c1623180e70a03c4a734deb9bac50fc9c82942ae84a3a220779062128e75f3b", size = 14273844, upload-time = "2024-09-29T11:40:04.138Z" },
    { url = "https://files.pythonhosted.org/packages/85/b5/aa23aa2e70bcba42c989c02e7228273c30f3b44b9b264abb93eaeff43ad7/pygame-2.6.1-cp313-cp313-manylinux_2_17_x86_64.manylinux2014_x86_64.whl", hash = "sha256:ef07c0103d79492c21fced9ad68c11c32efa6801ca1920ebfd0f15fb46c78b1c", size = 13951197, upload-time = "2024-09-29T11:40:06.785Z" },
    { url = "https://files.pythonhosted.org/packages/a6/06/29e939b34d3f1354738c7d201c51c250ad7abefefaf6f8332d962ff67c4b/pygame-2.6.1-cp313-cp313-win32.whl", hash = "sha256:3acd8c009317190c2bfd81db681ecef47d5eb108c2151d09596d9c7ea9df5c0e", size = 10249309, upload-time = "2024-09-29T11:10:23.329Z" },
    { url = "https://files.pythonhosted.org/packages/7e/11/17f7f319ca91824b86557e9303e3b7a71991ef17fd45286bf47d7f0a38e6/pygame-2.6.1-cp313-cp313-win_amd64.whl", hash = "sha256:813af4fba5d0b2cb8e58f5d95f7910295c34067dcc290d34f1be59c48bd1ea6a", size = 10620084, upload-time = "2024-09-29T11:48:51.587Z" },
]

[[package]]
name = "pyserial"
version = "3.5"
source = { registry = "https://pypi.org/simple" }
sdist = { url = "https://files.pythonhosted.org/packages/1e/7d/ae3f0a63f41e4d2f6cb66a5b57197850f919f59e558159a4dd3a818f5082/pyserial-3.5.tar.gz", hash = "sha256:3c77e014170dfffbd816e6ffc205e9842efb10be9f58ec16d3e8675b4925cddb", size = 159125, upload-time = "2020-11-23T03:59:15.045Z" }
wheels = [
    { url = "https://files.pythonhosted.org/packages/07/bc/587a445451b253b285629263eb51c2d8e9bcea4fc97826266d186f96f558/pyserial-3.5-py2.py3-none-any.whl", hash = "sha256:c4451db6ba391ca6ca299fb3ec7bae67a5c55dde170964c7a14ceefec02f2cf0", size = 90585, upload-time = "2020-11-23T03:59:13.41Z" },
]

[[package]]
name = "tqdm"
version = "4.67.1"
source = { registry = "https://pypi.org/simple" }
dependencies = [
    { name = "colorama", marker = "sys_platform == 'win32'" },
]
sdist = { url = "https://files.pythonhosted.org/packages/a8/4b/29b4ef32e036bb34e4ab51796dd745cdba7ed47ad142a9f4a1eb8e0c744d/tqdm-4.67.1.tar.gz", hash = "sha256:f8aef9c52c08c13a65f30ea34f4e5aac3fd1a34959879d7e59e63027286627f2", size = 169737, upload-time = "2024-11-24T20:12:22.481Z" }
wheels = [
    { url = "https://files.pythonhosted.org/packages/d0/30/dc54f88dd4a2b5dc8a0279bdd7270e735851848b762aeb1c1184ed1f6b14/tqdm-4.67.1-py3-none-any.whl", hash = "sha256:26445eca388f82e72884e0d580d5464cd801a3ea01e63e5601bdff9ba6a48de2", size = 78540, upload-time = "2024-11-24T20:12:19.698Z" },
]
